// !$*UTF8*$!
{
	archiveVersion = 1;
	classes = {
	};
	objectVersion = 51;
	objects = {

/* Begin PBXBuildFile section */
		28C6EC1D236075E20082EBCF /* AppDelegate.swift in Sources */ = {isa = PBXBuildFile; fileRef = 28C6EC1C236075E20082EBCF /* AppDelegate.swift */; };
		28C6EC1F236075E20082EBCF /* ViewController.swift in Sources */ = {isa = PBXBuildFile; fileRef = 28C6EC1E236075E20082EBCF /* ViewController.swift */; };
		28C6EC22236075E20082EBCF /* Main.storyboard in Resources */ = {isa = PBXBuildFile; fileRef = 28C6EC20236075E20082EBCF /* Main.storyboard */; };
		28C6EC24236075E40082EBCF /* Assets.xcassets in Resources */ = {isa = PBXBuildFile; fileRef = 28C6EC23236075E40082EBCF /* Assets.xcassets */; };
		28C6EC27236075E40082EBCF /* LaunchScreen.storyboard in Resources */ = {isa = PBXBuildFile; fileRef = 28C6EC25236075E40082EBCF /* LaunchScreen.storyboard */; };
		28D83293236604F900D10EB1 /* Player.swift in Sources */ = {isa = PBXBuildFile; fileRef = 28D83292236604F900D10EB1 /* Player.swift */; };
		28D832952366051200D10EB1 /* BotPalyer.swift in Sources */ = {isa = PBXBuildFile; fileRef = 28D832942366051200D10EB1 /* BotPalyer.swift */; };
		28D832972366052F00D10EB1 /* Ball.swift in Sources */ = {isa = PBXBuildFile; fileRef = 28D832962366052F00D10EB1 /* Ball.swift */; };
		28D832992366055100D10EB1 /* Direction.swift in Sources */ = {isa = PBXBuildFile; fileRef = 28D832982366055100D10EB1 /* Direction.swift */; };
		28D8329B2366058000D10EB1 /* GameController.swift in Sources */ = {isa = PBXBuildFile; fileRef = 28D8329A2366058000D10EB1 /* GameController.swift */; };
		28D8329D236605BE00D10EB1 /* SignalProducer+CADisplayLink.swift in Sources */ = {isa = PBXBuildFile; fileRef = 28D8329C236605BE00D10EB1 /* SignalProducer+CADisplayLink.swift */; };
		6F5C50039E50A28D8E737C30 /* Pods_Pong.framework in Frameworks */ = {isa = PBXBuildFile; fileRef = C42C091937EEDAA9F0617B32 /* Pods_Pong.framework */; };
/* End PBXBuildFile section */

/* Begin PBXFileReference section */
		28C6EC19236075E20082EBCF /* Pong.app */ = {isa = PBXFileReference; explicitFileType = wrapper.application; includeInIndex = 0; path = Pong.app; sourceTree = BUILT_PRODUCTS_DIR; };
		28C6EC1C236075E20082EBCF /* AppDelegate.swift */ = {isa = PBXFileReference; lastKnownFileType = sourcecode.swift; path = AppDelegate.swift; sourceTree = "<group>"; };
		28C6EC1E236075E20082EBCF /* ViewController.swift */ = {isa = PBXFileReference; lastKnownFileType = sourcecode.swift; path = ViewController.swift; sourceTree = "<group>"; };
		28C6EC21236075E20082EBCF /* Base */ = {isa = PBXFileReference; lastKnownFileType = file.storyboard; name = Base; path = Base.lproj/Main.storyboard; sourceTree = "<group>"; };
		28C6EC23236075E40082EBCF /* Assets.xcassets */ = {isa = PBXFileReference; lastKnownFileType = folder.assetcatalog; path = Assets.xcassets; sourceTree = "<group>"; };
		28C6EC26236075E40082EBCF /* Base */ = {isa = PBXFileReference; lastKnownFileType = file.storyboard; name = Base; path = Base.lproj/LaunchScreen.storyboard; sourceTree = "<group>"; };
		28C6EC28236075E40082EBCF /* Info.plist */ = {isa = PBXFileReference; lastKnownFileType = text.plist.xml; path = Info.plist; sourceTree = "<group>"; };
		28D83292236604F900D10EB1 /* Player.swift */ = {isa = PBXFileReference; lastKnownFileType = sourcecode.swift; path = Player.swift; sourceTree = "<group>"; };
		28D832942366051200D10EB1 /* BotPalyer.swift */ = {isa = PBXFileReference; lastKnownFileType = sourcecode.swift; path = BotPalyer.swift; sourceTree = "<group>"; };
		28D832962366052F00D10EB1 /* Ball.swift */ = {isa = PBXFileReference; lastKnownFileType = sourcecode.swift; path = Ball.swift; sourceTree = "<group>"; };
		28D832982366055100D10EB1 /* Direction.swift */ = {isa = PBXFileReference; lastKnownFileType = sourcecode.swift; path = Direction.swift; sourceTree = "<group>"; };
		28D8329A2366058000D10EB1 /* GameController.swift */ = {isa = PBXFileReference; lastKnownFileType = sourcecode.swift; path = GameController.swift; sourceTree = "<group>"; };
		28D8329C236605BE00D10EB1 /* SignalProducer+CADisplayLink.swift */ = {isa = PBXFileReference; lastKnownFileType = sourcecode.swift; path = "SignalProducer+CADisplayLink.swift"; sourceTree = "<group>"; };
		5805D001D450E2C53F15CC06 /* Pods-Pong.release.xcconfig */ = {isa = PBXFileReference; includeInIndex = 1; lastKnownFileType = text.xcconfig; name = "Pods-Pong.release.xcconfig"; path = "Target Support Files/Pods-Pong/Pods-Pong.release.xcconfig"; sourceTree = "<group>"; };
		C42C091937EEDAA9F0617B32 /* Pods_Pong.framework */ = {isa = PBXFileReference; explicitFileType = wrapper.framework; includeInIndex = 0; path = Pods_Pong.framework; sourceTree = BUILT_PRODUCTS_DIR; };
		CF6350546B225E1485088475 /* Pods-Pong.debug.xcconfig */ = {isa = PBXFileReference; includeInIndex = 1; lastKnownFileType = text.xcconfig; name = "Pods-Pong.debug.xcconfig"; path = "Target Support Files/Pods-Pong/Pods-Pong.debug.xcconfig"; sourceTree = "<group>"; };
/* End PBXFileReference section */

/* Begin PBXFrameworksBuildPhase section */
		28C6EC16236075E20082EBCF /* Frameworks */ = {
			isa = PBXFrameworksBuildPhase;
			buildActionMask = 2147483647;
			files = (
				6F5C50039E50A28D8E737C30 /* Pods_Pong.framework in Frameworks */,
			);
			runOnlyForDeploymentPostprocessing = 0;
		};
/* End PBXFrameworksBuildPhase section */

/* Begin PBXGroup section */
		0B71A0605D69B83CBC2BEDDA /* Frameworks */ = {
			isa = PBXGroup;
			children = (
				C42C091937EEDAA9F0617B32 /* Pods_Pong.framework */,
			);
			name = Frameworks;
			sourceTree = "<group>";
		};
		28C6EC10236075E20082EBCF = {
			isa = PBXGroup;
			children = (
				28C6EC1B236075E20082EBCF /* Pong */,
				28C6EC1A236075E20082EBCF /* Products */,
				396963141A80F24B98B5A6BF /* Pods */,
				0B71A0605D69B83CBC2BEDDA /* Frameworks */,
			);
			sourceTree = "<group>";
		};
		28C6EC1A236075E20082EBCF /* Products */ = {
			isa = PBXGroup;
			children = (
				28C6EC19236075E20082EBCF /* Pong.app */,
			);
			name = Products;
			sourceTree = "<group>";
		};
		28C6EC1B236075E20082EBCF /* Pong */ = {
			isa = PBXGroup;
			children = (
				28C6EC20236075E20082EBCF /* Main.storyboard */,
				28C6EC1E236075E20082EBCF /* ViewController.swift */,
				28D832962366052F00D10EB1 /* Ball.swift */,
				28D832982366055100D10EB1 /* Direction.swift */,
				28D83292236604F900D10EB1 /* Player.swift */,
				28D832942366051200D10EB1 /* BotPalyer.swift */,
				28D8329A2366058000D10EB1 /* GameController.swift */,
				28D8329C236605BE00D10EB1 /* SignalProducer+CADisplayLink.swift */,
				28C6EC1C236075E20082EBCF /* AppDelegate.swift */,
				28C6EC23236075E40082EBCF /* Assets.xcassets */,
				28C6EC25236075E40082EBCF /* LaunchScreen.storyboard */,
				28C6EC28236075E40082EBCF /* Info.plist */,
			);
			path = Pong;
			sourceTree = "<group>";
		};
		396963141A80F24B98B5A6BF /* Pods */ = {
			isa = PBXGroup;
			children = (
				CF6350546B225E1485088475 /* Pods-Pong.debug.xcconfig */,
				5805D001D450E2C53F15CC06 /* Pods-Pong.release.xcconfig */,
			);
			path = Pods;
			sourceTree = "<group>";
		};
/* End PBXGroup section */

/* Begin PBXNativeTarget section */
		28C6EC18236075E20082EBCF /* Pong */ = {
			isa = PBXNativeTarget;
			buildConfigurationList = 28C6EC2B236075E40082EBCF /* Build configuration list for PBXNativeTarget "Pong" */;
			buildPhases = (
				1D2B4FC64F87488AB628A912 /* [CP] Check Pods Manifest.lock */,
				28C6EC15236075E20082EBCF /* Sources */,
				28C6EC16236075E20082EBCF /* Frameworks */,
				28C6EC17236075E20082EBCF /* Resources */,
				9D568F3943DC6EE5E602B790 /* [CP] Embed Pods Frameworks */,
			);
			buildRules = (
			);
			dependencies = (
			);
			name = Pong;
			productName = Pong;
			productReference = 28C6EC19236075E20082EBCF /* Pong.app */;
			productType = "com.apple.product-type.application";
		};
/* End PBXNativeTarget section */

/* Begin PBXProject section */
		28C6EC11236075E20082EBCF /* Project object */ = {
			isa = PBXProject;
			attributes = {
				LastSwiftUpdateCheck = 1020;
				LastUpgradeCheck = 1020;
				ORGANIZATIONNAME = "Nikita Belousov";
				TargetAttributes = {
					28C6EC18236075E20082EBCF = {
						CreatedOnToolsVersion = 10.2.1;
					};
				};
			};
			buildConfigurationList = 28C6EC14236075E20082EBCF /* Build configuration list for PBXProject "Pong" */;
			compatibilityVersion = "Xcode 9.3";
			developmentRegion = en;
			hasScannedForEncodings = 0;
			knownRegions = (
				en,
				Base,
			);
			mainGroup = 28C6EC10236075E20082EBCF;
			productRefGroup = 28C6EC1A236075E20082EBCF /* Products */;
			projectDirPath = "";
			projectRoot = "";
			targets = (
				28C6EC18236075E20082EBCF /* Pong */,
			);
		};
/* End PBXProject section */

/* Begin PBXResourcesBuildPhase section */
		28C6EC17236075E20082EBCF /* Resources */ = {
			isa = PBXResourcesBuildPhase;
			buildActionMask = 2147483647;
			files = (
				28C6EC27236075E40082EBCF /* LaunchScreen.storyboard in Resources */,
				28C6EC24236075E40082EBCF /* Assets.xcassets in Resources */,
				28C6EC22236075E20082EBCF /* Main.storyboard in Resources */,
			);
			runOnlyForDeploymentPostprocessing = 0;
		};
/* End PBXResourcesBuildPhase section */

/* Begin PBXShellScriptBuildPhase section */
		1D2B4FC64F87488AB628A912 /* [CP] Check Pods Manifest.lock */ = {
			isa = PBXShellScriptBuildPhase;
			buildActionMask = 2147483647;
			files = (
			);
			inputFileListPaths = (
			);
			inputPaths = (
				"${PODS_PODFILE_DIR_PATH}/Podfile.lock",
				"${PODS_ROOT}/Manifest.lock",
			);
			name = "[CP] Check Pods Manifest.lock";
			outputFileListPaths = (
			);
			outputPaths = (
				"$(DERIVED_FILE_DIR)/Pods-Pong-checkManifestLockResult.txt",
			);
			runOnlyForDeploymentPostprocessing = 0;
			shellPath = /bin/sh;
			shellScript = "diff \"${PODS_PODFILE_DIR_PATH}/Podfile.lock\" \"${PODS_ROOT}/Manifest.lock\" > /dev/null\nif [ $? != 0 ] ; then\n    # print error to STDERR\n    echo \"error: The sandbox is not in sync with the Podfile.lock. Run 'pod install' or update your CocoaPods installation.\" >&2\n    exit 1\nfi\n# This output is used by Xcode 'outputs' to avoid re-running this script phase.\necho \"SUCCESS\" > \"${SCRIPT_OUTPUT_FILE_0}\"\n";
			showEnvVarsInLog = 0;
		};
		9D568F3943DC6EE5E602B790 /* [CP] Embed Pods Frameworks */ = {
			isa = PBXShellScriptBuildPhase;
			buildActionMask = 2147483647;
			files = (
			);
			inputFileListPaths = (
				"${PODS_ROOT}/Target Support Files/Pods-Pong/Pods-Pong-frameworks-${CONFIGURATION}-input-files.xcfilelist",
			);
			name = "[CP] Embed Pods Frameworks";
			outputFileListPaths = (
				"${PODS_ROOT}/Target Support Files/Pods-Pong/Pods-Pong-frameworks-${CONFIGURATION}-output-files.xcfilelist",
			);
			runOnlyForDeploymentPostprocessing = 0;
			shellPath = /bin/sh;
			shellScript = "\"${PODS_ROOT}/Target Support Files/Pods-Pong/Pods-Pong-frameworks.sh\"\n";
			showEnvVarsInLog = 0;
		};
/* End PBXShellScriptBuildPhase section */

/* Begin PBXSourcesBuildPhase section */
		28C6EC15236075E20082EBCF /* Sources */ = {
			isa = PBXSourcesBuildPhase;
			buildActionMask = 2147483647;
			files = (
				28D832952366051200D10EB1 /* BotPalyer.swift in Sources */,
				28C6EC1F236075E20082EBCF /* ViewController.swift in Sources */,
				28D8329D236605BE00D10EB1 /* SignalProducer+CADisplayLink.swift in Sources */,
				28D832972366052F00D10EB1 /* Ball.swift in Sources */,
				28D83293236604F900D10EB1 /* Player.swift in Sources */,
				28C6EC1D236075E20082EBCF /* AppDelegate.swift in Sources */,
				28D832992366055100D10EB1 /* Direction.swift in Sources */,
				28D8329B2366058000D10EB1 /* GameController.swift in Sources */,
			);
			runOnlyForDeploymentPostprocessing = 0;
		};
/* End PBXSourcesBuildPhase section */

/* Begin PBXVariantGroup section */
		28C6EC20236075E20082EBCF /* Main.storyboard */ = {
			isa = PBXVariantGroup;
			children = (
				28C6EC21236075E20082EBCF /* Base */,
			);
			name = Main.storyboard;
			sourceTree = "<group>";
		};
		28C6EC25236075E40082EBCF /* LaunchScreen.storyboard */ = {
			isa = PBXVariantGroup;
			children = (
				28C6EC26236075E40082EBCF /* Base */,
			);
			name = LaunchScreen.storyboard;
			sourceTree = "<group>";
		};
/* End PBXVariantGroup section */

/* Begin XCBuildConfiguration section */
		28C6EC29236075E40082EBCF /* Debug */ = {
			isa = XCBuildConfiguration;
			buildSettings = {
				ALWAYS_SEARCH_USER_PATHS = NO;
				CLANG_ANALYZER_NONNULL = YES;
				CLANG_ANALYZER_NUMBER_OBJECT_CONVERSION = YES_AGGRESSIVE;
				CLANG_CXX_LANGUAGE_STANDARD = "gnu++14";
				CLANG_CXX_LIBRARY = "libc++";
				CLANG_ENABLE_MODULES = YES;
				CLANG_ENABLE_OBJC_ARC = YES;
				CLANG_ENABLE_OBJC_WEAK = YES;
				CLANG_WARN_BLOCK_CAPTURE_AUTORELEASING = YES;
				CLANG_WARN_BOOL_CONVERSION = YES;
				CLANG_WARN_COMMA = YES;
				CLANG_WARN_CONSTANT_CONVERSION = YES;
				CLANG_WARN_DEPRECATED_OBJC_IMPLEMENTATIONS = YES;
				CLANG_WARN_DIRECT_OBJC_ISA_USAGE = YES_ERROR;
				CLANG_WARN_DOCUMENTATION_COMMENTS = YES;
				CLANG_WARN_EMPTY_BODY = YES;
				CLANG_WARN_ENUM_CONVERSION = YES;
				CLANG_WARN_INFINITE_RECURSION = YES;
				CLANG_WARN_INT_CONVERSION = YES;
				CLANG_WARN_NON_LITERAL_NULL_CONVERSION = YES;
				CLANG_WARN_OBJC_IMPLICIT_RETAIN_SELF = YES;
				CLANG_WARN_OBJC_LITERAL_CONVERSION = YES;
				CLANG_WARN_OBJC_ROOT_CLASS = YES_ERROR;
				CLANG_WARN_RANGE_LOOP_ANALYSIS = YES;
				CLANG_WARN_STRICT_PROTOTYPES = YES;
				CLANG_WARN_SUSPICIOUS_MOVE = YES;
				CLANG_WARN_UNGUARDED_AVAILABILITY = YES_AGGRESSIVE;
				CLANG_WARN_UNREACHABLE_CODE = YES;
				CLANG_WARN__DUPLICATE_METHOD_MATCH = YES;
				CODE_SIGN_IDENTITY = "iPhone Developer";
				COPY_PHASE_STRIP = NO;
				DEBUG_INFORMATION_FORMAT = dwarf;
				ENABLE_STRICT_OBJC_MSGSEND = YES;
				ENABLE_TESTABILITY = YES;
				GCC_C_LANGUAGE_STANDARD = gnu11;
				GCC_DYNAMIC_NO_PIC = NO;
				GCC_NO_COMMON_BLOCKS = YES;
				GCC_OPTIMIZATION_LEVEL = 0;
				GCC_PREPROCESSOR_DEFINITIONS = (
					"DEBUG=1",
					"$(inherited)",
				);
				GCC_WARN_64_TO_32_BIT_CONVERSION = YES;
				GCC_WARN_ABOUT_RETURN_TYPE = YES_ERROR;
				GCC_WARN_UNDECLARED_SELECTOR = YES;
				GCC_WARN_UNINITIALIZED_AUTOS = YES_AGGRESSIVE;
				GCC_WARN_UNUSED_FUNCTION = YES;
				GCC_WARN_UNUSED_VARIABLE = YES;
				IPHONEOS_DEPLOYMENT_TARGET = 12.2;
				MTL_ENABLE_DEBUG_INFO = INCLUDE_SOURCE;
				MTL_FAST_MATH = YES;
				ONLY_ACTIVE_ARCH = YES;
				SDKROOT = iphoneos;
				SWIFT_ACTIVE_COMPILATION_CONDITIONS = DEBUG;
				SWIFT_OPTIMIZATION_LEVEL = "-Onone";
			};
			name = Debug;
		};
		28C6EC2A236075E40082EBCF /* Release */ = {
			isa = XCBuildConfiguration;
			buildSettings = {
				ALWAYS_SEARCH_USER_PATHS = NO;
				CLANG_ANALYZER_NONNULL = YES;
				CLANG_ANALYZER_NUMBER_OBJECT_CONVERSION = YES_AGGRESSIVE;
				CLANG_CXX_LANGUAGE_STANDARD = "gnu++14";
				CLANG_CXX_LIBRARY = "libc++";
				CLANG_ENABLE_MODULES = YES;
				CLANG_ENABLE_OBJC_ARC = YES;
				CLANG_ENABLE_OBJC_WEAK = YES;
				CLANG_WARN_BLOCK_CAPTURE_AUTORELEASING = YES;
				CLANG_WARN_BOOL_CONVERSION = YES;
				CLANG_WARN_COMMA = YES;
				CLANG_WARN_CONSTANT_CONVERSION = YES;
				CLANG_WARN_DEPRECATED_OBJC_IMPLEMENTATIONS = YES;
				CLANG_WARN_DIRECT_OBJC_ISA_USAGE = YES_ERROR;
				CLANG_WARN_DOCUMENTATION_COMMENTS = YES;
				CLANG_WARN_EMPTY_BODY = YES;
				CLANG_WARN_ENUM_CONVERSION = YES;
				CLANG_WARN_INFINITE_RECURSION = YES;
				CLANG_WARN_INT_CONVERSION = YES;
				CLANG_WARN_NON_LITERAL_NULL_CONVERSION = YES;
				CLANG_WARN_OBJC_IMPLICIT_RETAIN_SELF = YES;
				CLANG_WARN_OBJC_LITERAL_CONVERSION = YES;
				CLANG_WARN_OBJC_ROOT_CLASS = YES_ERROR;
				CLANG_WARN_RANGE_LOOP_ANALYSIS = YES;
				CLANG_WARN_STRICT_PROTOTYPES = YES;
				CLANG_WARN_SUSPICIOUS_MOVE = YES;
				CLANG_WARN_UNGUARDED_AVAILABILITY = YES_AGGRESSIVE;
				CLANG_WARN_UNREACHABLE_CODE = YES;
				CLANG_WARN__DUPLICATE_METHOD_MATCH = YES;
				CODE_SIGN_IDENTITY = "iPhone Developer";
				COPY_PHASE_STRIP = NO;
				DEBUG_INFORMATION_FORMAT = "dwarf-with-dsym";
				ENABLE_NS_ASSERTIONS = NO;
				ENABLE_STRICT_OBJC_MSGSEND = YES;
				GCC_C_LANGUAGE_STANDARD = gnu11;
				GCC_NO_COMMON_BLOCKS = YES;
				GCC_WARN_64_TO_32_BIT_CONVERSION = YES;
				GCC_WARN_ABOUT_RETURN_TYPE = YES_ERROR;
				GCC_WARN_UNDECLARED_SELECTOR = YES;
				GCC_WARN_UNINITIALIZED_AUTOS = YES_AGGRESSIVE;
				GCC_WARN_UNUSED_FUNCTION = YES;
				GCC_WARN_UNUSED_VARIABLE = YES;
				IPHONEOS_DEPLOYMENT_TARGET = 12.2;
				MTL_ENABLE_DEBUG_INFO = NO;
				MTL_FAST_MATH = YES;
				SDKROOT = iphoneos;
				SWIFT_COMPILATION_MODE = wholemodule;
				SWIFT_OPTIMIZATION_LEVEL = "-O";
				VALIDATE_PRODUCT = YES;
			};
			name = Release;
		};
		28C6EC2C236075E40082EBCF /* Debug */ = {
			isa = XCBuildConfiguration;
			baseConfigurationReference = CF6350546B225E1485088475 /* Pods-Pong.debug.xcconfig */;
			buildSettings = {
				ASSETCATALOG_COMPILER_APPICON_NAME = AppIcon;
				CODE_SIGN_STYLE = Automatic;
				DEVELOPMENT_TEAM = 6T937H3SWU;
				INFOPLIST_FILE = Pong/Info.plist;
				LD_RUNPATH_SEARCH_PATHS = (
					"$(inherited)",
					"@executable_path/Frameworks",
				);
				PRODUCT_BUNDLE_IDENTIFIER = dev.Pong;
				PRODUCT_NAME = "$(TARGET_NAME)";
				SWIFT_VERSION = 5.0;
				TARGETED_DEVICE_FAMILY = "1,2";
			};
			name = Debug;
		};
		28C6EC2D236075E40082EBCF /* Release */ = {
			isa = XCBuildConfiguration;
			baseConfigurationReference = 5805D001D450E2C53F15CC06 /* Pods-Pong.release.xcconfig */;
			buildSettings = {
				ASSETCATALOG_COMPILER_APPICON_NAME = AppIcon;
				CODE_SIGN_STYLE = Automatic;
				DEVELOPMENT_TEAM = 6T937H3SWU;
				INFOPLIST_FILE = Pong/Info.plist;
				LD_RUNPATH_SEARCH_PATHS = (
					"$(inherited)",
					"@executable_path/Frameworks",
				);
				PRODUCT_BUNDLE_IDENTIFIER = dev.Pong;
				PRODUCT_NAME = "$(TARGET_NAME)";
				SWIFT_VERSION = 5.0;
				TARGETED_DEVICE_FAMILY = "1,2";
			};
			name = Release;
		};
/* End XCBuildConfiguration section */

/* Begin XCConfigurationList section */
		28C6EC14236075E20082EBCF /* Build configuration list for PBXProject "Pong" */ = {
			isa = XCConfigurationList;
			buildConfigurations = (
				28C6EC29236075E40082EBCF /* Debug */,
				28C6EC2A236075E40082EBCF /* Release */,
			);
			defaultConfigurationIsVisible = 0;
			defaultConfigurationName = Release;
		};
		28C6EC2B236075E40082EBCF /* Build configuration list for PBXNativeTarget "Pong" */ = {
			isa = XCConfigurationList;
			buildConfigurations = (
				28C6EC2C236075E40082EBCF /* Debug */,
				28C6EC2D236075E40082EBCF /* Release */,
			);
			defaultConfigurationIsVisible = 0;
			defaultConfigurationName = Release;
		};
/* End XCConfigurationList section */
	};
	rootObject = 28C6EC11236075E20082EBCF /* Project object */;
}
